{
    "_readme": [
        "This file locks the dependencies of your project to a known state",
        "Read more about it at https://getcomposer.org/doc/01-basic-usage.md#composer-lock-the-lock-file",
        "This file is @generated automatically"
    ],
    "hash": "d612b0e1c47f3412181ed358e3a55b4e",
    "content-hash": "e617ae698d29ae08217a4dea02253142",
    "packages": [
        {
            "name": "drewm/mailchimp-api",
            "version": "v2.3",
            "source": {
                "type": "git",
                "url": "https://github.com/drewm/mailchimp-api.git",
                "reference": "6a5373378f8e61284be81d6424d22fb2a3a1ff9e"
            },
            "dist": {
                "type": "zip",
                "url": "https://api.github.com/repos/drewm/mailchimp-api/zipball/6a5373378f8e61284be81d6424d22fb2a3a1ff9e",
                "reference": "6a5373378f8e61284be81d6424d22fb2a3a1ff9e",
                "shasum": ""
            },
            "require": {
                "ext-curl": "*",
                "php": ">=5.3"
            },
            "require-dev": {
                "phpunit/phpunit": "4.0.*",
                "vlucas/phpdotenv": "^2.0"
            },
            "type": "library",
            "autoload": {
                "psr-4": {
                    "DrewM\\MailChimp\\": "src"
                }
            },
            "notification-url": "https://packagist.org/downloads/",
            "license": [
                "MIT"
            ],
            "authors": [
                {
                    "name": "Drew McLellan",
                    "email": "drew.mclellan@gmail.com",
                    "homepage": "http://allinthehead.com/"
                }
            ],
            "description": "Super-simple, minimum abstraction MailChimp API v3 wrapper",
            "homepage": "https://github.com/drewm/mailchimp-api",
            "time": "2016-12-21 14:50:24"
        },
        {
            "name": "inn/wordpress-mailchimp-tools",
            "version": "dev-mailchimp-api-v3",
            "source": {
                "type": "git",
                "url": "https://github.com/INN/wordpress-mailchimp-tools.git",
                "reference": "60c3e875c1f75d3c3c02f125f9eb47d6d1a37113"
            },
            "dist": {
                "type": "zip",
                "url": "https://api.github.com/repos/INN/wordpress-mailchimp-tools/zipball/60c3e875c1f75d3c3c02f125f9eb47d6d1a37113",
                "reference": "60c3e875c1f75d3c3c02f125f9eb47d6d1a37113",
                "shasum": ""
            },
            "require": {
                "drewm/mailchimp-api": "^2.3",
                "php": ">=5.2.0"
            },
            "type": "library",
            "autoload": {
                "classmap": [
                    "inc/"
                ],
                "files": [
                    "mailchimp-tools.php"
                ]
            },
            "notification-url": "https://packagist.org/downloads/",
            "license": [
                "GPL-2.0"
            ],
            "authors": [
                {
                    "name": "INN Nerds",
                    "email": "nerds@inn.org",
                    "homepage": "http://nerds.inn.org",
                    "role": "Developer"
                }
            ],
            "description": "Collection of tools for authoring MailChimp newsletters via the WordPress dashboard",
            "homepage": "https://nerds.inn.org/",
            "keywords": [
                "api",
                "email"
            ],
            "time": "2017-01-11 14:59:05"
        }
    ],
    "packages-dev": [],
    "aliases": [],
    "minimum-stability": "stable",
    "stability-flags": {
        "inn/wordpress-mailchimp-tools": 20
    },
    "prefer-stable": false,
    "prefer-lowest": false,
    "platform": [],
    "platform-dev": []
}
