{
    "_readme": [
        "This file locks the dependencies of your project to a known state",
        "Read more about it at https://getcomposer.org/doc/01-basic-usage.md#composer-lock-the-lock-file",
        "This file is @generated automatically"
    ],
    "hash": "2281b22ba8a84dc6a57fb96af377a732",
    "content-hash": "17e72a29c2ee7d78959779f1d061e6f3",
    "packages": [
        {
            "name": "inn/wordpress-mailchimp-tools",
            "version": "dev-master",
            "source": {
                "type": "git",
                "url": "https://github.com/INN/wordpress-mailchimp-tools.git",
                "reference": "9afb771f04af3dc9c1b35e2f6f142d2460004d9c"
            },
            "dist": {
                "type": "zip",
                "url": "https://api.github.com/repos/INN/wordpress-mailchimp-tools/zipball/9afb771f04af3dc9c1b35e2f6f142d2460004d9c",
                "reference": "9afb771f04af3dc9c1b35e2f6f142d2460004d9c",
                "shasum": ""
            },
            "require": {
                "mailchimp/mailchimp": "2.0.6",
                "php": ">=5.2.0"
            },
            "type": "library",
            "autoload": {
                "classmap": [
                    "inc/"
                ],
                "files": [
                    "mailchimp-tools.php"
                ]
            },
            "notification-url": "https://packagist.org/downloads/",
            "license": [
                "GPL-2.0"
            ],
            "authors": [
                {
                    "name": "INN Nerds",
                    "email": "nerds@inn.org",
                    "homepage": "http://nerds.inn.org",
                    "role": "Developer"
                }
            ],
            "description": "Collection of tools for authoring MailChimp newsletters via the WordPress dashboard",
            "homepage": "https://nerds.inn.org/",
            "keywords": [
                "api",
                "email"
            ],
            "time": "2016-04-25 16:58:42"
        },
        {
            "name": "mailchimp/mailchimp",
            "version": "2.0.6",
            "source": {
                "type": "git",
                "url": "https://bitbucket.org/mailchimp/mailchimp-api-php.git",
                "reference": "7ac99b5ac746d5875c5c350ad7e3b83674c83ec1"
            },
            "dist": {
                "type": "zip",
                "url": "https://bitbucket.org/mailchimp/mailchimp-api-php/get/7ac99b5ac746d5875c5c350ad7e3b83674c83ec1.zip",
                "reference": "7ac99b5ac746d5875c5c350ad7e3b83674c83ec1",
                "shasum": ""
            },
            "require": {
                "php": ">=5.2.0"
            },
            "require-dev": {
                "apigen/apigen": "dev-master"
            },
            "type": "library",
            "autoload": {
                "psr-0": {
                    "Mailchimp": "src/"
                }
            },
            "notification-url": "https://packagist.org/downloads/",
            "license": [
                "MIT"
            ],
            "authors": [
                {
                    "name": "MailChimp Devs",
                    "email": "api@mailchimp.com",
                    "homepage": "http://mailchimp.com",
                    "role": "Developer"
                }
            ],
            "description": "API client library for the MailChimp bulk email as a service platform",
            "homepage": "https://bitbucket.org/mailchimp/mailchimp-api-php",
            "keywords": [
                "api",
                "email"
            ],
            "time": "2014-10-30 20:38:12"
        }
    ],
    "packages-dev": [],
    "aliases": [],
    "minimum-stability": "stable",
    "stability-flags": {
        "inn/wordpress-mailchimp-tools": 20
    },
    "prefer-stable": false,
    "prefer-lowest": false,
    "platform": [],
    "platform-dev": []
}
